
Microsoft Visual Studio Solution File, Format Version 12.00
# Visual Studio Version 17
VisualStudioVersion = 17.2.32616.157
MinimumVisualStudioVersion = 10.0.40219.1
Project("{9A19103F-16F7-4668-BE54-9A1E7A4F7556}") = "Emulator", "Emulator\Emulator.csproj", "{2C7D864A-C7E4-48DC-80C6-3A5D613FF965}"
EndProject
Project("{FAE04EC0-301F-11D3-BF4B-00C04F79EFBC}") = "EmulatorLib", "EmulatorLib\EmulatorLib.csproj", "{8117DC65-245B-43F1-943E-D2A413F9FCAC}"
EndProject
Global
	GlobalSection(SolutionConfigurationPlatforms) = preSolution
		Debug|Any CPU = Debug|Any CPU
		Release|Any CPU = Release|Any CPU
	EndGlobalSection
	GlobalSection(ProjectConfigurationPlatforms) = postSolution
		{2C7D864A-C7E4-48DC-80C6-3A5D613FF965}.Debug|Any CPU.ActiveCfg = Debug|Any CPU
		{2C7D864A-C7E4-48DC-80C6-3A5D613FF965}.Debug|Any CPU.Build.0 = Debug|Any CPU
		{2C7D864A-C7E4-48DC-80C6-3A5D613FF965}.Release|Any CPU.ActiveCfg = Release|Any CPU
		{2C7D864A-C7E4-48DC-80C6-3A5D613FF965}.Release|Any CPU.Build.0 = Release|Any CPU
		{8117DC65-245B-43F1-943E-D2A413F9FCAC}.Debug|Any CPU.ActiveCfg = Debug|Any CPU
		{8117DC65-245B-43F1-943E-D2A413F9FCAC}.Debug|Any CPU.Build.0 = Debug|Any CPU
		{8117DC65-245B-43F1-943E-D2A413F9FCAC}.Release|Any CPU.ActiveCfg = Release|Any CPU
		{8117DC65-245B-43F1-943E-D2A413F9FCAC}.Release|Any CPU.Build.0 = Release|Any CPU
	EndGlobalSection
	GlobalSection(SolutionProperties) = preSolution
		HideSolutionNode = FALSE
	EndGlobalSection
	GlobalSection(ExtensibilityGlobals) = postSolution
		SolutionGuid = {598A3D31-501A-4AE4-8BB4-7F1BCACEB7D4}
	EndGlobalSection
EndGlobal
